
Microsoft Visual Studio Solution File, Format Version 12.00
# Visual Studio Version 16
VisualStudioVersion = 16.0.31729.503
MinimumVisualStudioVersion = 10.0.40219.1
Project("{FAE04EC0-301F-11D3-BF4B-00C04F79EFBC}") = "DataContext", "DataContext\DataContext.csproj", "{AB115425-42E3-4852-AB60-5A30EC534829}"
EndProject
Global
	GlobalSection(SolutionConfigurationPlatforms) = preSolution
		Debug|Any CPU = Debug|Any CPU
		Release|Any CPU = Release|Any CPU
	EndGlobalSection
	GlobalSection(ProjectConfigurationPlatforms) = postSolution
		{AB115425-42E3-4852-AB60-5A30EC534829}.Debug|Any CPU.ActiveCfg = Debug|Any CPU
		{AB115425-42E3-4852-AB60-5A30EC534829}.Debug|Any CPU.Build.0 = Debug|Any CPU
		{AB115425-42E3-4852-AB60-5A30EC534829}.Release|Any CPU.ActiveCfg = Release|Any CPU
		{AB115425-42E3-4852-AB60-5A30EC534829}.Release|Any CPU.Build.0 = Release|Any CPU
	EndGlobalSection
	GlobalSection(SolutionProperties) = preSolution
		HideSolutionNode = FALSE
	EndGlobalSection
	GlobalSection(ExtensibilityGlobals) = postSolution
		SolutionGuid = {CB92A981-1126-470E-9B7E-725F88A55FEF}
	EndGlobalSection
EndGlobal
